
Microsoft Visual Studio Solution File, Format Version 12.00
# Visual Studio Version 16
VisualStudioVersion = 16.0.31005.135
MinimumVisualStudioVersion = 10.0.40219.1
Project("{FAE04EC0-301F-11D3-BF4B-00C04F79EFBC}") = "tp_OnlineShop", "tp_OnlineShop\tp_OnlineShop.csproj", "{263FFCE8-6787-40C2-8FBD-D24E496AA08D}"
EndProject
Global
	GlobalSection(SolutionConfigurationPlatforms) = preSolution
		Debug|Any CPU = Debug|Any CPU
		Release|Any CPU = Release|Any CPU
	EndGlobalSection
	GlobalSection(ProjectConfigurationPlatforms) = postSolution
		{263FFCE8-6787-40C2-8FBD-D24E496AA08D}.Debug|Any CPU.ActiveCfg = Debug|Any CPU
		{263FFCE8-6787-40C2-8FBD-D24E496AA08D}.Debug|Any CPU.Build.0 = Debug|Any CPU
		{263FFCE8-6787-40C2-8FBD-D24E496AA08D}.Release|Any CPU.ActiveCfg = Release|Any CPU
		{263FFCE8-6787-40C2-8FBD-D24E496AA08D}.Release|Any CPU.Build.0 = Release|Any CPU
	EndGlobalSection
	GlobalSection(SolutionProperties) = preSolution
		HideSolutionNode = FALSE
	EndGlobalSection
	GlobalSection(ExtensibilityGlobals) = postSolution
		SolutionGuid = {916F13E5-FBF9-44C7-9E1E-8EFCEAF72298}
	EndGlobalSection
EndGlobal
